
Microsoft Visual Studio Solution File, Format Version 12.00
# Visual Studio 15
VisualStudioVersion = 15.0.27703.2000
MinimumVisualStudioVersion = 10.0.40219.1
Project("{FAE04EC0-301F-11D3-BF4B-00C04F79EFBC}") = "StarWarsDemoApp.Android", "StarWarsDemoApp\StarWarsDemoApp.Android\StarWarsDemoApp.Android.csproj", "{E32276A1-6437-400F-ADF8-C0D8A1476D96}"
EndProject
Project("{FAE04EC0-301F-11D3-BF4B-00C04F79EFBC}") = "StarWarsDemoApp.iOS", "StarWarsDemoApp\StarWarsDemoApp.iOS\StarWarsDemoApp.iOS.csproj", "{F115605A-D06D-4DE1-8C86-6984D1865A3C}"
EndProject
Project("{FAE04EC0-301F-11D3-BF4B-00C04F79EFBC}") = "StarWarsDemoApp", "StarWarsDemoApp\StarWarsDemoApp\StarWarsDemoApp.csproj", "{18006604-70CA-411F-A0BC-907B674F0717}"
EndProject
Global
	GlobalSection(SolutionConfigurationPlatforms) = preSolution
		Ad-Hoc|Any CPU = Ad-Hoc|Any CPU
		Ad-Hoc|iPhone = Ad-Hoc|iPhone
		Ad-Hoc|iPhoneSimulator = Ad-Hoc|iPhoneSimulator
		AppStore|Any CPU = AppStore|Any CPU
		AppStore|iPhone = AppStore|iPhone
		AppStore|iPhoneSimulator = AppStore|iPhoneSimulator
		Debug|Any CPU = Debug|Any CPU
		Debug|iPhone = Debug|iPhone
		Debug|iPhoneSimulator = Debug|iPhoneSimulator
		Release|Any CPU = Release|Any CPU
		Release|iPhone = Release|iPhone
		Release|iPhoneSimulator = Release|iPhoneSimulator
	EndGlobalSection
	GlobalSection(ProjectConfigurationPlatforms) = postSolution
		{E32276A1-6437-400F-ADF8-C0D8A1476D96}.Ad-Hoc|Any CPU.ActiveCfg = Release|Any CPU
		{E32276A1-6437-400F-ADF8-C0D8A1476D96}.Ad-Hoc|Any CPU.Build.0 = Release|Any CPU
		{E32276A1-6437-400F-ADF8-C0D8A1476D96}.Ad-Hoc|Any CPU.Deploy.0 = Release|Any CPU
		{E32276A1-6437-400F-ADF8-C0D8A1476D96}.Ad-Hoc|iPhone.ActiveCfg = Release|Any CPU
		{E32276A1-6437-400F-ADF8-C0D8A1476D96}.Ad-Hoc|iPhone.Build.0 = Release|Any CPU
		{E32276A1-6437-400F-ADF8-C0D8A1476D96}.Ad-Hoc|iPhone.Deploy.0 = Release|Any CPU
		{E32276A1-6437-400F-ADF8-C0D8A1476D96}.Ad-Hoc|iPhoneSimulator.ActiveCfg = Release|Any CPU
		{E32276A1-6437-400F-ADF8-C0D8A1476D96}.Ad-Hoc|iPhoneSimulator.Build.0 = Release|Any CPU
		{E32276A1-6437-400F-ADF8-C0D8A1476D96}.Ad-Hoc|iPhoneSimulator.Deploy.0 = Release|Any CPU
		{E32276A1-6437-400F-ADF8-C0D8A1476D96}.AppStore|Any CPU.ActiveCfg = Release|Any CPU
		{E32276A1-6437-400F-ADF8-C0D8A1476D96}.AppStore|Any CPU.Build.0 = Release|Any CPU
		{E32276A1-6437-400F-ADF8-C0D8A1476D96}.AppStore|Any CPU.Deploy.0 = Release|Any CPU
		{E32276A1-6437-400F-ADF8-C0D8A1476D96}.AppStore|iPhone.ActiveCfg = Release|Any CPU
		{E32276A1-6437-400F-ADF8-C0D8A1476D96}.AppStore|iPhone.Build.0 = Release|Any CPU
		{E32276A1-6437-400F-ADF8-C0D8A1476D96}.AppStore|iPhone.Deploy.0 = Release|Any CPU
		{E32276A1-6437-400F-ADF8-C0D8A1476D96}.AppStore|iPhoneSimulator.ActiveCfg = Release|Any CPU
		{E32276A1-6437-400F-ADF8-C0D8A1476D96}.AppStore|iPhoneSimulator.Build.0 = Release|Any CPU
		{E32276A1-6437-400F-ADF8-C0D8A1476D96}.AppStore|iPhoneSimulator.Deploy.0 = Release|Any CPU
		{E32276A1-6437-400F-ADF8-C0D8A1476D96}.Debug|Any CPU.ActiveCfg = Debug|Any CPU
		{E32276A1-6437-400F-ADF8-C0D8A1476D96}.Debug|Any CPU.Build.0 = Debug|Any CPU
		{E32276A1-6437-400F-ADF8-C0D8A1476D96}.Debug|Any CPU.Deploy.0 = Debug|Any CPU
		{E32276A1-6437-400F-ADF8-C0D8A1476D96}.Debug|iPhone.ActiveCfg = Debug|Any CPU
		{E32276A1-6437-400F-ADF8-C0D8A1476D96}.Debug|iPhone.Build.0 = Debug|Any CPU
		{E32276A1-6437-400F-ADF8-C0D8A1476D96}.Debug|iPhone.Deploy.0 = Debug|Any CPU
		{E32276A1-6437-400F-ADF8-C0D8A1476D96}.Debug|iPhoneSimulator.ActiveCfg = Debug|Any CPU
		{E32276A1-6437-400F-ADF8-C0D8A1476D96}.Debug|iPhoneSimulator.Build.0 = Debug|Any CPU
		{E32276A1-6437-400F-ADF8-C0D8A1476D96}.Debug|iPhoneSimulator.Deploy.0 = Debug|Any CPU
		{E32276A1-6437-400F-ADF8-C0D8A1476D96}.Release|Any CPU.ActiveCfg = Release|Any CPU
		{E32276A1-6437-400F-ADF8-C0D8A1476D96}.Release|Any CPU.Build.0 = Release|Any CPU
		{E32276A1-6437-400F-ADF8-C0D8A1476D96}.Release|Any CPU.Deploy.0 = Release|Any CPU
		{E32276A1-6437-400F-ADF8-C0D8A1476D96}.Release|iPhone.ActiveCfg = Release|Any CPU
		{E32276A1-6437-400F-ADF8-C0D8A1476D96}.Release|iPhone.Build.0 = Release|Any CPU
		{E32276A1-6437-400F-ADF8-C0D8A1476D96}.Release|iPhone.Deploy.0 = Release|Any CPU
		{E32276A1-6437-400F-ADF8-C0D8A1476D96}.Release|iPhoneSimulator.ActiveCfg = Release|Any CPU
		{E32276A1-6437-400F-ADF8-C0D8A1476D96}.Release|iPhoneSimulator.Build.0 = Release|Any CPU
		{E32276A1-6437-400F-ADF8-C0D8A1476D96}.Release|iPhoneSimulator.Deploy.0 = Release|Any CPU
		{F115605A-D06D-4DE1-8C86-6984D1865A3C}.Ad-Hoc|Any CPU.ActiveCfg = Ad-Hoc|iPhone
		{F115605A-D06D-4DE1-8C86-6984D1865A3C}.Ad-Hoc|Any CPU.Build.0 = Ad-Hoc|iPhone
		{F115605A-D06D-4DE1-8C86-6984D1865A3C}.Ad-Hoc|Any CPU.Deploy.0 = Ad-Hoc|iPhone
		{F115605A-D06D-4DE1-8C86-6984D1865A3C}.Ad-Hoc|iPhone.ActiveCfg = Ad-Hoc|iPhone
		{F115605A-D06D-4DE1-8C86-6984D1865A3C}.Ad-Hoc|iPhone.Build.0 = Ad-Hoc|iPhone
		{F115605A-D06D-4DE1-8C86-6984D1865A3C}.Ad-Hoc|iPhone.Deploy.0 = Ad-Hoc|iPhone
		{F115605A-D06D-4DE1-8C86-6984D1865A3C}.Ad-Hoc|iPhoneSimulator.ActiveCfg = Ad-Hoc|iPhoneSimulator
		{F115605A-D06D-4DE1-8C86-6984D1865A3C}.Ad-Hoc|iPhoneSimulator.Build.0 = Ad-Hoc|iPhoneSimulator
		{F115605A-D06D-4DE1-8C86-6984D1865A3C}.Ad-Hoc|iPhoneSimulator.Deploy.0 = Ad-Hoc|iPhoneSimulator
		{F115605A-D06D-4DE1-8C86-6984D1865A3C}.AppStore|Any CPU.ActiveCfg = AppStore|iPhone
		{F115605A-D06D-4DE1-8C86-6984D1865A3C}.AppStore|Any CPU.Build.0 = AppStore|iPhone
		{F115605A-D06D-4DE1-8C86-6984D1865A3C}.AppStore|Any CPU.Deploy.0 = AppStore|iPhone
		{F115605A-D06D-4DE1-8C86-6984D1865A3C}.AppStore|iPhone.ActiveCfg = AppStore|iPhone
		{F115605A-D06D-4DE1-8C86-6984D1865A3C}.AppStore|iPhone.Build.0 = AppStore|iPhone
		{F115605A-D06D-4DE1-8C86-6984D1865A3C}.AppStore|iPhone.Deploy.0 = AppStore|iPhone
		{F115605A-D06D-4DE1-8C86-6984D1865A3C}.AppStore|iPhoneSimulator.ActiveCfg = AppStore|iPhoneSimulator
		{F115605A-D06D-4DE1-8C86-6984D1865A3C}.AppStore|iPhoneSimulator.Build.0 = AppStore|iPhoneSimulator
		{F115605A-D06D-4DE1-8C86-6984D1865A3C}.AppStore|iPhoneSimulator.Deploy.0 = AppStore|iPhoneSimulator
		{F115605A-D06D-4DE1-8C86-6984D1865A3C}.Debug|Any CPU.ActiveCfg = Debug|iPhoneSimulator
		{F115605A-D06D-4DE1-8C86-6984D1865A3C}.Debug|Any CPU.Build.0 = Debug|iPhoneSimulator
		{F115605A-D06D-4DE1-8C86-6984D1865A3C}.Debug|Any CPU.Deploy.0 = Debug|iPhoneSimulator
		{F115605A-D06D-4DE1-8C86-6984D1865A3C}.Debug|iPhone.ActiveCfg = Debug|iPhone
		{F115605A-D06D-4DE1-8C86-6984D1865A3C}.Debug|iPhone.Build.0 = Debug|iPhone
		{F115605A-D06D-4DE1-8C86-6984D1865A3C}.Debug|iPhone.Deploy.0 = Debug|iPhone
		{F115605A-D06D-4DE1-8C86-6984D1865A3C}.Debug|iPhoneSimulator.ActiveCfg = Debug|iPhoneSimulator
		{F115605A-D06D-4DE1-8C86-6984D1865A3C}.Debug|iPhoneSimulator.Build.0 = Debug|iPhoneSimulator
		{F115605A-D06D-4DE1-8C86-6984D1865A3C}.Debug|iPhoneSimulator.Deploy.0 = Debug|iPhoneSimulator
		{F115605A-D06D-4DE1-8C86-6984D1865A3C}.Release|Any CPU.ActiveCfg = Release|iPhone
		{F115605A-D06D-4DE1-8C86-6984D1865A3C}.Release|Any CPU.Build.0 = Release|iPhone
		{F115605A-D06D-4DE1-8C86-6984D1865A3C}.Release|Any CPU.Deploy.0 = Release|iPhone
		{F115605A-D06D-4DE1-8C86-6984D1865A3C}.Release|iPhone.ActiveCfg = Release|iPhone
		{F115605A-D06D-4DE1-8C86-6984D1865A3C}.Release|iPhone.Build.0 = Release|iPhone
		{F115605A-D06D-4DE1-8C86-6984D1865A3C}.Release|iPhone.Deploy.0 = Release|iPhone
		{F115605A-D06D-4DE1-8C86-6984D1865A3C}.Release|iPhoneSimulator.ActiveCfg = Release|iPhoneSimulator
		{F115605A-D06D-4DE1-8C86-6984D1865A3C}.Release|iPhoneSimulator.Build.0 = Release|iPhoneSimulator
		{F115605A-D06D-4DE1-8C86-6984D1865A3C}.Release|iPhoneSimulator.Deploy.0 = Release|iPhoneSimulator
		{18006604-70CA-411F-A0BC-907B674F0717}.Ad-Hoc|Any CPU.ActiveCfg = Debug|Any CPU
		{18006604-70CA-411F-A0BC-907B674F0717}.Ad-Hoc|Any CPU.Build.0 = Debug|Any CPU
		{18006604-70CA-411F-A0BC-907B674F0717}.Ad-Hoc|Any CPU.Deploy.0 = Debug|Any CPU
		{18006604-70CA-411F-A0BC-907B674F0717}.Ad-Hoc|iPhone.ActiveCfg = Debug|Any CPU
		{18006604-70CA-411F-A0BC-907B674F0717}.Ad-Hoc|iPhone.Build.0 = Debug|Any CPU
		{18006604-70CA-411F-A0BC-907B674F0717}.Ad-Hoc|iPhone.Deploy.0 = Debug|Any CPU
		{18006604-70CA-411F-A0BC-907B674F0717}.Ad-Hoc|iPhoneSimulator.ActiveCfg = Debug|Any CPU
		{18006604-70CA-411F-A0BC-907B674F0717}.Ad-Hoc|iPhoneSimulator.Build.0 = Debug|Any CPU
		{18006604-70CA-411F-A0BC-907B674F0717}.Ad-Hoc|iPhoneSimulator.Deploy.0 = Debug|Any CPU
		{18006604-70CA-411F-A0BC-907B674F0717}.AppStore|Any CPU.ActiveCfg = Debug|Any CPU
		{18006604-70CA-411F-A0BC-907B674F0717}.AppStore|Any CPU.Build.0 = Debug|Any CPU
		{18006604-70CA-411F-A0BC-907B674F0717}.AppStore|Any CPU.Deploy.0 = Debug|Any CPU
		{18006604-70CA-411F-A0BC-907B674F0717}.AppStore|iPhone.ActiveCfg = Debug|Any CPU
		{18006604-70CA-411F-A0BC-907B674F0717}.AppStore|iPhone.Build.0 = Debug|Any CPU
		{18006604-70CA-411F-A0BC-907B674F0717}.AppStore|iPhone.Deploy.0 = Debug|Any CPU
		{18006604-70CA-411F-A0BC-907B674F0717}.AppStore|iPhoneSimulator.ActiveCfg = Debug|Any CPU
		{18006604-70CA-411F-A0BC-907B674F0717}.AppStore|iPhoneSimulator.Build.0 = Debug|Any CPU
		{18006604-70CA-411F-A0BC-907B674F0717}.AppStore|iPhoneSimulator.Deploy.0 = Debug|Any CPU
		{18006604-70CA-411F-A0BC-907B674F0717}.Debug|Any CPU.ActiveCfg = Debug|Any CPU
		{18006604-70CA-411F-A0BC-907B674F0717}.Debug|Any CPU.Build.0 = Debug|Any CPU
		{18006604-70CA-411F-A0BC-907B674F0717}.Debug|Any CPU.Deploy.0 = Debug|Any CPU
		{18006604-70CA-411F-A0BC-907B674F0717}.Debug|iPhone.ActiveCfg = Debug|Any CPU
		{18006604-70CA-411F-A0BC-907B674F0717}.Debug|iPhone.Build.0 = Debug|Any CPU
		{18006604-70CA-411F-A0BC-907B674F0717}.Debug|iPhone.Deploy.0 = Debug|Any CPU
		{18006604-70CA-411F-A0BC-907B674F0717}.Debug|iPhoneSimulator.ActiveCfg = Debug|Any CPU
		{18006604-70CA-411F-A0BC-907B674F0717}.Debug|iPhoneSimulator.Build.0 = Debug|Any CPU
		{18006604-70CA-411F-A0BC-907B674F0717}.Debug|iPhoneSimulator.Deploy.0 = Debug|Any CPU
		{18006604-70CA-411F-A0BC-907B674F0717}.Release|Any CPU.ActiveCfg = Release|Any CPU
		{18006604-70CA-411F-A0BC-907B674F0717}.Release|Any CPU.Build.0 = Release|Any CPU
		{18006604-70CA-411F-A0BC-907B674F0717}.Release|Any CPU.Deploy.0 = Release|Any CPU
		{18006604-70CA-411F-A0BC-907B674F0717}.Release|iPhone.ActiveCfg = Release|Any CPU
		{18006604-70CA-411F-A0BC-907B674F0717}.Release|iPhone.Build.0 = Release|Any CPU
		{18006604-70CA-411F-A0BC-907B674F0717}.Release|iPhone.Deploy.0 = Release|Any CPU
		{18006604-70CA-411F-A0BC-907B674F0717}.Release|iPhoneSimulator.ActiveCfg = Release|Any CPU
		{18006604-70CA-411F-A0BC-907B674F0717}.Release|iPhoneSimulator.Build.0 = Release|Any CPU
		{18006604-70CA-411F-A0BC-907B674F0717}.Release|iPhoneSimulator.Deploy.0 = Release|Any CPU
	EndGlobalSection
	GlobalSection(SolutionProperties) = preSolution
		HideSolutionNode = FALSE
	EndGlobalSection
	GlobalSection(ExtensibilityGlobals) = postSolution
		SolutionGuid = {A02093F5-BB0C-4DD7-B1D8-426C6B509745}
	EndGlobalSection
EndGlobal
